
Microsoft Visual Studio Solution File, Format Version 12.00
# Visual Studio 15
VisualStudioVersion = 15.0.26730.16
MinimumVisualStudioVersion = 10.0.40219.1
Project("{9A19103F-16F7-4668-BE54-9A1E7A4F7556}") = "CodeQuality.NetStandard", "CodeQuality.NetStandard\CodeQuality.NetStandard.csproj", "{7C6C7C71-B45B-4FE1-9A53-5422EDA41AE1}"
EndProject
Project("{9A19103F-16F7-4668-BE54-9A1E7A4F7556}") = "CodeQuality.CoreConsole", "CodeQuality.CoreConsole\CodeQuality.CoreConsole.csproj", "{0712B1B9-F80F-462B-947B-96B53E91A49E}"
EndProject
Global
	GlobalSection(SolutionConfigurationPlatforms) = preSolution
		Debug|Any CPU = Debug|Any CPU
		Release|Any CPU = Release|Any CPU
	EndGlobalSection
	GlobalSection(ProjectConfigurationPlatforms) = postSolution
		{7C6C7C71-B45B-4FE1-9A53-5422EDA41AE1}.Debug|Any CPU.ActiveCfg = Debug|Any CPU
		{7C6C7C71-B45B-4FE1-9A53-5422EDA41AE1}.Debug|Any CPU.Build.0 = Debug|Any CPU
		{7C6C7C71-B45B-4FE1-9A53-5422EDA41AE1}.Release|Any CPU.ActiveCfg = Release|Any CPU
		{7C6C7C71-B45B-4FE1-9A53-5422EDA41AE1}.Release|Any CPU.Build.0 = Release|Any CPU
		{0712B1B9-F80F-462B-947B-96B53E91A49E}.Debug|Any CPU.ActiveCfg = Debug|Any CPU
		{0712B1B9-F80F-462B-947B-96B53E91A49E}.Debug|Any CPU.Build.0 = Debug|Any CPU
		{0712B1B9-F80F-462B-947B-96B53E91A49E}.Release|Any CPU.ActiveCfg = Release|Any CPU
		{0712B1B9-F80F-462B-947B-96B53E91A49E}.Release|Any CPU.Build.0 = Release|Any CPU
	EndGlobalSection
	GlobalSection(SolutionProperties) = preSolution
		HideSolutionNode = FALSE
	EndGlobalSection
	GlobalSection(ExtensibilityGlobals) = postSolution
		SolutionGuid = {9537503A-2E4E-4120-8556-870DC938F853}
	EndGlobalSection
EndGlobal
